// !$*UTF8*$!
{
	archiveVersion = 1;
	classes = {
	};
	objectVersion = 56;
	objects = {

/* Begin PBXBuildFile section */
		840A445429A1E86000C519DD /* GroupPickerScreen.swift in Sources */ = {isa = PBXBuildFile; fileRef = 840A445329A1E86000C519DD /* GroupPickerScreen.swift */; };
		840A445729A2025D00C519DD /* SearchingTextField.swift in Sources */ = {isa = PBXBuildFile; fileRef = 840A445629A2025D00C519DD /* SearchingTextField.swift */; };
		840A445A29A2471800C519DD /* TeacherPickerScreen.swift in Sources */ = {isa = PBXBuildFile; fileRef = 840A445929A2471800C519DD /* TeacherPickerScreen.swift */; };
		840A445D29A270FC00C519DD /* ProfileScreen.swift in Sources */ = {isa = PBXBuildFile; fileRef = 840A445C29A270FC00C519DD /* ProfileScreen.swift */; };
		840A446029A274B700C519DD /* SwiftUICurvedRectangleShape in Frameworks */ = {isa = PBXBuildFile; productRef = 840A445F29A274B700C519DD /* SwiftUICurvedRectangleShape */; };
		846F8F21299E086D00FB3F93 /* SubjectView.swift in Sources */ = {isa = PBXBuildFile; fileRef = 846F8F20299E086D00FB3F93 /* SubjectView.swift */; };
		846F8F38299E569300FB3F93 /* Poppins-Black.ttf in Resources */ = {isa = PBXBuildFile; fileRef = 846F8F23299E547300FB3F93 /* Poppins-Black.ttf */; };
		846F8F39299E569800FB3F93 /* Poppins-Medium.ttf in Resources */ = {isa = PBXBuildFile; fileRef = 846F8F24299E547300FB3F93 /* Poppins-Medium.ttf */; };
		846F8F3A299E569800FB3F93 /* Poppins-BlackItalic.ttf in Resources */ = {isa = PBXBuildFile; fileRef = 846F8F37299E561300FB3F93 /* Poppins-BlackItalic.ttf */; };
		846F8F3B299E569800FB3F93 /* Poppins-BoldItalic.ttf in Resources */ = {isa = PBXBuildFile; fileRef = 846F8F2A299E547300FB3F93 /* Poppins-BoldItalic.ttf */; };
		846F8F3C299E569800FB3F93 /* Poppins-ExtraLightItalic.ttf in Resources */ = {isa = PBXBuildFile; fileRef = 846F8F27299E547300FB3F93 /* Poppins-ExtraLightItalic.ttf */; };
		846F8F3D299E569800FB3F93 /* Poppins-Regular.ttf in Resources */ = {isa = PBXBuildFile; fileRef = 846F8F26299E547300FB3F93 /* Poppins-Regular.ttf */; };
		846F8F3E299E569800FB3F93 /* Poppins-ThinItalic.ttf in Resources */ = {isa = PBXBuildFile; fileRef = 846F8F2C299E547300FB3F93 /* Poppins-ThinItalic.ttf */; };
		846F8F3F299E569800FB3F93 /* Poppins-Italic.ttf in Resources */ = {isa = PBXBuildFile; fileRef = 846F8F34299E547400FB3F93 /* Poppins-Italic.ttf */; };
		846F8F40299E569800FB3F93 /* Poppins-MediumItalic.ttf in Resources */ = {isa = PBXBuildFile; fileRef = 846F8F29299E547300FB3F93 /* Poppins-MediumItalic.ttf */; };
		846F8F41299E569800FB3F93 /* Poppins-ExtraBoldItalic.ttf in Resources */ = {isa = PBXBuildFile; fileRef = 846F8F25299E547300FB3F93 /* Poppins-ExtraBoldItalic.ttf */; };
		846F8F42299E569800FB3F93 /* Poppins-Bold.ttf in Resources */ = {isa = PBXBuildFile; fileRef = 846F8F2D299E547300FB3F93 /* Poppins-Bold.ttf */; };
		846F8F43299E569800FB3F93 /* Poppins-Light.ttf in Resources */ = {isa = PBXBuildFile; fileRef = 846F8F28299E547300FB3F93 /* Poppins-Light.ttf */; };
		846F8F44299E569800FB3F93 /* Poppins-ExtraLight.ttf in Resources */ = {isa = PBXBuildFile; fileRef = 846F8F31299E547400FB3F93 /* Poppins-ExtraLight.ttf */; };
		846F8F45299E569800FB3F93 /* Poppins-SemiBold.ttf in Resources */ = {isa = PBXBuildFile; fileRef = 846F8F2B299E547300FB3F93 /* Poppins-SemiBold.ttf */; };
		846F8F46299E569800FB3F93 /* Poppins-Thin.ttf in Resources */ = {isa = PBXBuildFile; fileRef = 846F8F32299E547400FB3F93 /* Poppins-Thin.ttf */; };
		846F8F47299E569800FB3F93 /* Poppins-LightItalic.ttf in Resources */ = {isa = PBXBuildFile; fileRef = 846F8F33299E547400FB3F93 /* Poppins-LightItalic.ttf */; };
		846F8F48299E569800FB3F93 /* Poppins-SemiBoldItalic.ttf in Resources */ = {isa = PBXBuildFile; fileRef = 846F8F2E299E547300FB3F93 /* Poppins-SemiBoldItalic.ttf */; };
		846F8F49299E569800FB3F93 /* Poppins-ExtraBold.ttf in Resources */ = {isa = PBXBuildFile; fileRef = 846F8F2F299E547300FB3F93 /* Poppins-ExtraBold.ttf */; };
		846F8F4B299E854800FB3F93 /* AboutSubjectData.swift in Sources */ = {isa = PBXBuildFile; fileRef = 846F8F4A299E854800FB3F93 /* AboutSubjectData.swift */; };
		8470825529A349D3000EC745 /* EditAvatarView.swift in Sources */ = {isa = PBXBuildFile; fileRef = 8470825429A349D3000EC745 /* EditAvatarView.swift */; };
		8470825729A36243000EC745 /* ProfileSection.swift in Sources */ = {isa = PBXBuildFile; fileRef = 8470825629A36243000EC745 /* ProfileSection.swift */; };
		84908730299CF97200D82210 /* DateView.swift in Sources */ = {isa = PBXBuildFile; fileRef = 8490872F299CF97200D82210 /* DateView.swift */; };
		84B494E129A75C2D004D2A75 /* ListRow.swift in Sources */ = {isa = PBXBuildFile; fileRef = 84B494E029A75C2D004D2A75 /* ListRow.swift */; };
		84B494E329A765E1004D2A75 /* LoginScreenModel.swift in Sources */ = {isa = PBXBuildFile; fileRef = 84B494E229A765E1004D2A75 /* LoginScreenModel.swift */; };
		84B494E729A76691004D2A75 /* LoginScreenViewModel.swift in Sources */ = {isa = PBXBuildFile; fileRef = 84B494E629A76691004D2A75 /* LoginScreenViewModel.swift */; };
		84B494E929A76942004D2A75 /* GeneralViewModel.swift in Sources */ = {isa = PBXBuildFile; fileRef = 84B494E829A76942004D2A75 /* GeneralViewModel.swift */; };
		84B6240F29A9C1FD00FCDBDA /* AboutSubjectScreen.swift in Sources */ = {isa = PBXBuildFile; fileRef = 84B6240E29A9C1FD00FCDBDA /* AboutSubjectScreen.swift */; };
		84B6241129AA2B4C00FCDBDA /* BottomBar.swift in Sources */ = {isa = PBXBuildFile; fileRef = 84B6241029AA2B4C00FCDBDA /* BottomBar.swift */; };
		84BAEE3529A4BB2B000D7C5C /* ScheduleDayView.swift in Sources */ = {isa = PBXBuildFile; fileRef = 84BAEE3429A4BB2B000D7C5C /* ScheduleDayView.swift */; };
		84BAEE3B29A5198B000D7C5C /* EditProfileScreen.swift in Sources */ = {isa = PBXBuildFile; fileRef = 84BAEE3A29A5198B000D7C5C /* EditProfileScreen.swift */; };
		84BB084A29A66627008CA1B8 /* LabledTextFieldView.swift in Sources */ = {isa = PBXBuildFile; fileRef = 84BB084929A66627008CA1B8 /* LabledTextFieldView.swift */; };
		84C274A029A8C916001A48ED /* RegisterScreenViewModel.swift in Sources */ = {isa = PBXBuildFile; fileRef = 84C2749F29A8C916001A48ED /* RegisterScreenViewModel.swift */; };
		84C274A229A8C939001A48ED /* RegisterScreenModel.swift in Sources */ = {isa = PBXBuildFile; fileRef = 84C274A129A8C939001A48ED /* RegisterScreenModel.swift */; };
		84C274A629A8D036001A48ED /* GroupPickerScreenModel.swift in Sources */ = {isa = PBXBuildFile; fileRef = 84C274A529A8D036001A48ED /* GroupPickerScreenModel.swift */; };
		84C274A829A8D086001A48ED /* GroupPickerScreenViewModel.swift in Sources */ = {isa = PBXBuildFile; fileRef = 84C274A729A8D086001A48ED /* GroupPickerScreenViewModel.swift */; };
		84C274AC29A8D4AB001A48ED /* TeacherPickerScreenModel.swift in Sources */ = {isa = PBXBuildFile; fileRef = 84C274AB29A8D4AB001A48ED /* TeacherPickerScreenModel.swift */; };
		84C274AE29A8D52F001A48ED /* TeacherPickerScreenViewModel.swift in Sources */ = {isa = PBXBuildFile; fileRef = 84C274AD29A8D52F001A48ED /* TeacherPickerScreenViewModel.swift */; };
		84C274B229A8DC34001A48ED /* MainScreenModel.swift in Sources */ = {isa = PBXBuildFile; fileRef = 84C274B129A8DC34001A48ED /* MainScreenModel.swift */; };
		84C274B429A8DD34001A48ED /* MainScreenViewModel.swift in Sources */ = {isa = PBXBuildFile; fileRef = 84C274B329A8DD34001A48ED /* MainScreenViewModel.swift */; };
		84C274B829A8F737001A48ED /* ProfileScreenModel.swift in Sources */ = {isa = PBXBuildFile; fileRef = 84C274B729A8F737001A48ED /* ProfileScreenModel.swift */; };
		84C274BA29A8F77D001A48ED /* ProfileScreenViewModel.swift in Sources */ = {isa = PBXBuildFile; fileRef = 84C274B929A8F77D001A48ED /* ProfileScreenViewModel.swift */; };
		84C274BF29A909DF001A48ED /* EditProfileScreenModel.swift in Sources */ = {isa = PBXBuildFile; fileRef = 84C274BE29A909DF001A48ED /* EditProfileScreenModel.swift */; };
		84C274C129A90A56001A48ED /* EditProfileScreenViewModel.swift in Sources */ = {isa = PBXBuildFile; fileRef = 84C274C029A90A56001A48ED /* EditProfileScreenViewModel.swift */; };
		84C61B2E29A0EE200024E91C /* LoginScreen.swift in Sources */ = {isa = PBXBuildFile; fileRef = 84C61B2D29A0EE200024E91C /* LoginScreen.swift */; };
		84C61B3129A0F1150024E91C /* TextFieldView.swift in Sources */ = {isa = PBXBuildFile; fileRef = 84C61B3029A0F1150024E91C /* TextFieldView.swift */; };
		84C61B3329A1202A0024E91C /* FilledButton.swift in Sources */ = {isa = PBXBuildFile; fileRef = 84C61B3229A1202A0024E91C /* FilledButton.swift */; };
		84C61B3529A126510024E91C /* UnfilledButton.swift in Sources */ = {isa = PBXBuildFile; fileRef = 84C61B3429A126510024E91C /* UnfilledButton.swift */; };
		84C61B3929A138A60024E91C /* RegisterScreen.swift in Sources */ = {isa = PBXBuildFile; fileRef = 84C61B3829A138A60024E91C /* RegisterScreen.swift */; };
		84CC1C06299BE5210075EAFC /* MainScreen.swift in Sources */ = {isa = PBXBuildFile; fileRef = 84CC1C05299BE5210075EAFC /* MainScreen.swift */; };
		84CC1C09299BE69C0075EAFC /* Colors.swift in Sources */ = {isa = PBXBuildFile; fileRef = 84CC1C08299BE69C0075EAFC /* Colors.swift */; };
		84E72C2D299A86D40060B9D7 /* ScheduleApp.swift in Sources */ = {isa = PBXBuildFile; fileRef = 84E72C2C299A86D40060B9D7 /* ScheduleApp.swift */; };
		84E72C2F299A86D40060B9D7 /* ContentView.swift in Sources */ = {isa = PBXBuildFile; fileRef = 84E72C2E299A86D40060B9D7 /* ContentView.swift */; };
		84E72C31299A86D60060B9D7 /* Assets.xcassets in Resources */ = {isa = PBXBuildFile; fileRef = 84E72C30299A86D60060B9D7 /* Assets.xcassets */; };
		84E72C34299A86D60060B9D7 /* Preview Assets.xcassets in Resources */ = {isa = PBXBuildFile; fileRef = 84E72C33299A86D60060B9D7 /* Preview Assets.xcassets */; };
		84E72C3E299A86D60060B9D7 /* ScheduleTests.swift in Sources */ = {isa = PBXBuildFile; fileRef = 84E72C3D299A86D60060B9D7 /* ScheduleTests.swift */; };
		84E72C48299A86D60060B9D7 /* ScheduleUITests.swift in Sources */ = {isa = PBXBuildFile; fileRef = 84E72C47299A86D60060B9D7 /* ScheduleUITests.swift */; };
		84E72C4A299A86D60060B9D7 /* ScheduleUITestsLaunchTests.swift in Sources */ = {isa = PBXBuildFile; fileRef = 84E72C49299A86D60060B9D7 /* ScheduleUITestsLaunchTests.swift */; };
		84EC108529AA508000D1E407 /* DatePickerView.swift in Sources */ = {isa = PBXBuildFile; fileRef = 84EC108429AA508000D1E407 /* DatePickerView.swift */; };
/* End PBXBuildFile section */

/* Begin PBXContainerItemProxy section */
		84E72C3A299A86D60060B9D7 /* PBXContainerItemProxy */ = {
			isa = PBXContainerItemProxy;
			containerPortal = 84E72C21299A86D40060B9D7 /* Project object */;
			proxyType = 1;
			remoteGlobalIDString = 84E72C28299A86D40060B9D7;
			remoteInfo = Schedule;
		};
		84E72C44299A86D60060B9D7 /* PBXContainerItemProxy */ = {
			isa = PBXContainerItemProxy;
			containerPortal = 84E72C21299A86D40060B9D7 /* Project object */;
			proxyType = 1;
			remoteGlobalIDString = 84E72C28299A86D40060B9D7;
			remoteInfo = Schedule;
		};
/* End PBXContainerItemProxy section */

/* Begin PBXFileReference section */
		840A445329A1E86000C519DD /* GroupPickerScreen.swift */ = {isa = PBXFileReference; lastKnownFileType = sourcecode.swift; path = GroupPickerScreen.swift; sourceTree = "<group>"; };
		840A445629A2025D00C519DD /* SearchingTextField.swift */ = {isa = PBXFileReference; lastKnownFileType = sourcecode.swift; path = SearchingTextField.swift; sourceTree = "<group>"; };
		840A445929A2471800C519DD /* TeacherPickerScreen.swift */ = {isa = PBXFileReference; lastKnownFileType = sourcecode.swift; path = TeacherPickerScreen.swift; sourceTree = "<group>"; };
		840A445C29A270FC00C519DD /* ProfileScreen.swift */ = {isa = PBXFileReference; lastKnownFileType = sourcecode.swift; path = ProfileScreen.swift; sourceTree = "<group>"; };
		846F8F20299E086D00FB3F93 /* SubjectView.swift */ = {isa = PBXFileReference; lastKnownFileType = sourcecode.swift; path = SubjectView.swift; sourceTree = "<group>"; };
		846F8F23299E547300FB3F93 /* Poppins-Black.ttf */ = {isa = PBXFileReference; lastKnownFileType = file; name = "Poppins-Black.ttf"; path = "../../../../Downloads/Poppins/Poppins-Black.ttf"; sourceTree = "<group>"; };
		846F8F24299E547300FB3F93 /* Poppins-Medium.ttf */ = {isa = PBXFileReference; lastKnownFileType = file; name = "Poppins-Medium.ttf"; path = "../../../../Downloads/Poppins/Poppins-Medium.ttf"; sourceTree = "<group>"; };
		846F8F25299E547300FB3F93 /* Poppins-ExtraBoldItalic.ttf */ = {isa = PBXFileReference; lastKnownFileType = file; name = "Poppins-ExtraBoldItalic.ttf"; path = "../../../../Downloads/Poppins/Poppins-ExtraBoldItalic.ttf"; sourceTree = "<group>"; };
		846F8F26299E547300FB3F93 /* Poppins-Regular.ttf */ = {isa = PBXFileReference; lastKnownFileType = file; name = "Poppins-Regular.ttf"; path = "../../../../Downloads/Poppins/Poppins-Regular.ttf"; sourceTree = "<group>"; };
		846F8F27299E547300FB3F93 /* Poppins-ExtraLightItalic.ttf */ = {isa = PBXFileReference; lastKnownFileType = file; name = "Poppins-ExtraLightItalic.ttf"; path = "../../../../Downloads/Poppins/Poppins-ExtraLightItalic.ttf"; sourceTree = "<group>"; };
		846F8F28299E547300FB3F93 /* Poppins-Light.ttf */ = {isa = PBXFileReference; lastKnownFileType = file; name = "Poppins-Light.ttf"; path = "../../../../Downloads/Poppins/Poppins-Light.ttf"; sourceTree = "<group>"; };
		846F8F29299E547300FB3F93 /* Poppins-MediumItalic.ttf */ = {isa = PBXFileReference; lastKnownFileType = file; name = "Poppins-MediumItalic.ttf"; path = "../../../../Downloads/Poppins/Poppins-MediumItalic.ttf"; sourceTree = "<group>"; };
		846F8F2A299E547300FB3F93 /* Poppins-BoldItalic.ttf */ = {isa = PBXFileReference; lastKnownFileType = file; name = "Poppins-BoldItalic.ttf"; path = "../../../../Downloads/Poppins/Poppins-BoldItalic.ttf"; sourceTree = "<group>"; };
		846F8F2B299E547300FB3F93 /* Poppins-SemiBold.ttf */ = {isa = PBXFileReference; lastKnownFileType = file; name = "Poppins-SemiBold.ttf"; path = "../../../../Downloads/Poppins/Poppins-SemiBold.ttf"; sourceTree = "<group>"; };
		846F8F2C299E547300FB3F93 /* Poppins-ThinItalic.ttf */ = {isa = PBXFileReference; lastKnownFileType = file; name = "Poppins-ThinItalic.ttf"; path = "../../../../Downloads/Poppins/Poppins-ThinItalic.ttf"; sourceTree = "<group>"; };
		846F8F2D299E547300FB3F93 /* Poppins-Bold.ttf */ = {isa = PBXFileReference; lastKnownFileType = file; name = "Poppins-Bold.ttf"; path = "../../../../Downloads/Poppins/Poppins-Bold.ttf"; sourceTree = "<group>"; };
		846F8F2E299E547300FB3F93 /* Poppins-SemiBoldItalic.ttf */ = {isa = PBXFileReference; lastKnownFileType = file; name = "Poppins-SemiBoldItalic.ttf"; path = "../../../../Downloads/Poppins/Poppins-SemiBoldItalic.ttf"; sourceTree = "<group>"; };
		846F8F2F299E547300FB3F93 /* Poppins-ExtraBold.ttf */ = {isa = PBXFileReference; lastKnownFileType = file; name = "Poppins-ExtraBold.ttf"; path = "../../../../Downloads/Poppins/Poppins-ExtraBold.ttf"; sourceTree = "<group>"; };
		846F8F31299E547400FB3F93 /* Poppins-ExtraLight.ttf */ = {isa = PBXFileReference; lastKnownFileType = file; name = "Poppins-ExtraLight.ttf"; path = "../../../../Downloads/Poppins/Poppins-ExtraLight.ttf"; sourceTree = "<group>"; };
		846F8F32299E547400FB3F93 /* Poppins-Thin.ttf */ = {isa = PBXFileReference; lastKnownFileType = file; name = "Poppins-Thin.ttf"; path = "../../../../Downloads/Poppins/Poppins-Thin.ttf"; sourceTree = "<group>"; };
		846F8F33299E547400FB3F93 /* Poppins-LightItalic.ttf */ = {isa = PBXFileReference; lastKnownFileType = file; name = "Poppins-LightItalic.ttf"; path = "../../../../Downloads/Poppins/Poppins-LightItalic.ttf"; sourceTree = "<group>"; };
		846F8F34299E547400FB3F93 /* Poppins-Italic.ttf */ = {isa = PBXFileReference; lastKnownFileType = file; name = "Poppins-Italic.ttf"; path = "../../../../Downloads/Poppins/Poppins-Italic.ttf"; sourceTree = "<group>"; };
		846F8F35299E54CD00FB3F93 /* Info.plist */ = {isa = PBXFileReference; lastKnownFileType = text.plist; path = Info.plist; sourceTree = "<group>"; };
		846F8F37299E561300FB3F93 /* Poppins-BlackItalic.ttf */ = {isa = PBXFileReference; lastKnownFileType = file; name = "Poppins-BlackItalic.ttf"; path = "../../../../Downloads/Poppins/Poppins-BlackItalic.ttf"; sourceTree = "<group>"; };
		846F8F4A299E854800FB3F93 /* AboutSubjectData.swift */ = {isa = PBXFileReference; lastKnownFileType = sourcecode.swift; path = AboutSubjectData.swift; sourceTree = "<group>"; };
		8470825429A349D3000EC745 /* EditAvatarView.swift */ = {isa = PBXFileReference; lastKnownFileType = sourcecode.swift; path = EditAvatarView.swift; sourceTree = "<group>"; };
		8470825629A36243000EC745 /* ProfileSection.swift */ = {isa = PBXFileReference; lastKnownFileType = sourcecode.swift; path = ProfileSection.swift; sourceTree = "<group>"; };
		8490872F299CF97200D82210 /* DateView.swift */ = {isa = PBXFileReference; lastKnownFileType = sourcecode.swift; path = DateView.swift; sourceTree = "<group>"; };
		84B494E029A75C2D004D2A75 /* ListRow.swift */ = {isa = PBXFileReference; lastKnownFileType = sourcecode.swift; path = ListRow.swift; sourceTree = "<group>"; };
		84B494E229A765E1004D2A75 /* LoginScreenModel.swift */ = {isa = PBXFileReference; lastKnownFileType = sourcecode.swift; path = LoginScreenModel.swift; sourceTree = "<group>"; };
		84B494E629A76691004D2A75 /* LoginScreenViewModel.swift */ = {isa = PBXFileReference; lastKnownFileType = sourcecode.swift; path = LoginScreenViewModel.swift; sourceTree = "<group>"; };
		84B494E829A76942004D2A75 /* GeneralViewModel.swift */ = {isa = PBXFileReference; lastKnownFileType = sourcecode.swift; path = GeneralViewModel.swift; sourceTree = "<group>"; };
		84B6240E29A9C1FD00FCDBDA /* AboutSubjectScreen.swift */ = {isa = PBXFileReference; lastKnownFileType = sourcecode.swift; path = AboutSubjectScreen.swift; sourceTree = "<group>"; };
		84B6241029AA2B4C00FCDBDA /* BottomBar.swift */ = {isa = PBXFileReference; lastKnownFileType = sourcecode.swift; path = BottomBar.swift; sourceTree = "<group>"; };
		84BAEE3429A4BB2B000D7C5C /* ScheduleDayView.swift */ = {isa = PBXFileReference; lastKnownFileType = sourcecode.swift; path = ScheduleDayView.swift; sourceTree = "<group>"; };
		84BAEE3A29A5198B000D7C5C /* EditProfileScreen.swift */ = {isa = PBXFileReference; lastKnownFileType = sourcecode.swift; path = EditProfileScreen.swift; sourceTree = "<group>"; };
		84BB084929A66627008CA1B8 /* LabledTextFieldView.swift */ = {isa = PBXFileReference; lastKnownFileType = sourcecode.swift; path = LabledTextFieldView.swift; sourceTree = "<group>"; };
		84C2749F29A8C916001A48ED /* RegisterScreenViewModel.swift */ = {isa = PBXFileReference; lastKnownFileType = sourcecode.swift; path = RegisterScreenViewModel.swift; sourceTree = "<group>"; };
		84C274A129A8C939001A48ED /* RegisterScreenModel.swift */ = {isa = PBXFileReference; lastKnownFileType = sourcecode.swift; path = RegisterScreenModel.swift; sourceTree = "<group>"; };
		84C274A529A8D036001A48ED /* GroupPickerScreenModel.swift */ = {isa = PBXFileReference; lastKnownFileType = sourcecode.swift; path = GroupPickerScreenModel.swift; sourceTree = "<group>"; };
		84C274A729A8D086001A48ED /* GroupPickerScreenViewModel.swift */ = {isa = PBXFileReference; lastKnownFileType = sourcecode.swift; path = GroupPickerScreenViewModel.swift; sourceTree = "<group>"; };
		84C274AB29A8D4AB001A48ED /* TeacherPickerScreenModel.swift */ = {isa = PBXFileReference; lastKnownFileType = sourcecode.swift; path = TeacherPickerScreenModel.swift; sourceTree = "<group>"; };
		84C274AD29A8D52F001A48ED /* TeacherPickerScreenViewModel.swift */ = {isa = PBXFileReference; lastKnownFileType = sourcecode.swift; path = TeacherPickerScreenViewModel.swift; sourceTree = "<group>"; };
		84C274B129A8DC34001A48ED /* MainScreenModel.swift */ = {isa = PBXFileReference; lastKnownFileType = sourcecode.swift; path = MainScreenModel.swift; sourceTree = "<group>"; };
		84C274B329A8DD34001A48ED /* MainScreenViewModel.swift */ = {isa = PBXFileReference; lastKnownFileType = sourcecode.swift; path = MainScreenViewModel.swift; sourceTree = "<group>"; };
		84C274B729A8F737001A48ED /* ProfileScreenModel.swift */ = {isa = PBXFileReference; lastKnownFileType = sourcecode.swift; path = ProfileScreenModel.swift; sourceTree = "<group>"; };
		84C274B929A8F77D001A48ED /* ProfileScreenViewModel.swift */ = {isa = PBXFileReference; lastKnownFileType = sourcecode.swift; path = ProfileScreenViewModel.swift; sourceTree = "<group>"; };
		84C274BE29A909DF001A48ED /* EditProfileScreenModel.swift */ = {isa = PBXFileReference; lastKnownFileType = sourcecode.swift; path = EditProfileScreenModel.swift; sourceTree = "<group>"; };
		84C274C029A90A56001A48ED /* EditProfileScreenViewModel.swift */ = {isa = PBXFileReference; lastKnownFileType = sourcecode.swift; path = EditProfileScreenViewModel.swift; sourceTree = "<group>"; };
		84C61B2D29A0EE200024E91C /* LoginScreen.swift */ = {isa = PBXFileReference; lastKnownFileType = sourcecode.swift; path = LoginScreen.swift; sourceTree = "<group>"; };
		84C61B3029A0F1150024E91C /* TextFieldView.swift */ = {isa = PBXFileReference; lastKnownFileType = sourcecode.swift; path = TextFieldView.swift; sourceTree = "<group>"; };
		84C61B3229A1202A0024E91C /* FilledButton.swift */ = {isa = PBXFileReference; lastKnownFileType = sourcecode.swift; path = FilledButton.swift; sourceTree = "<group>"; };
		84C61B3429A126510024E91C /* UnfilledButton.swift */ = {isa = PBXFileReference; lastKnownFileType = sourcecode.swift; path = UnfilledButton.swift; sourceTree = "<group>"; };
		84C61B3829A138A60024E91C /* RegisterScreen.swift */ = {isa = PBXFileReference; lastKnownFileType = sourcecode.swift; path = RegisterScreen.swift; sourceTree = "<group>"; };
		84CC1C05299BE5210075EAFC /* MainScreen.swift */ = {isa = PBXFileReference; lastKnownFileType = sourcecode.swift; path = MainScreen.swift; sourceTree = "<group>"; };
		84CC1C08299BE69C0075EAFC /* Colors.swift */ = {isa = PBXFileReference; lastKnownFileType = sourcecode.swift; path = Colors.swift; sourceTree = "<group>"; };
		84E72C29299A86D40060B9D7 /* Schedule.app */ = {isa = PBXFileReference; explicitFileType = wrapper.application; includeInIndex = 0; path = Schedule.app; sourceTree = BUILT_PRODUCTS_DIR; };
		84E72C2C299A86D40060B9D7 /* ScheduleApp.swift */ = {isa = PBXFileReference; lastKnownFileType = sourcecode.swift; path = ScheduleApp.swift; sourceTree = "<group>"; };
		84E72C2E299A86D40060B9D7 /* ContentView.swift */ = {isa = PBXFileReference; lastKnownFileType = sourcecode.swift; path = ContentView.swift; sourceTree = "<group>"; };
		84E72C30299A86D60060B9D7 /* Assets.xcassets */ = {isa = PBXFileReference; lastKnownFileType = folder.assetcatalog; path = Assets.xcassets; sourceTree = "<group>"; };
		84E72C33299A86D60060B9D7 /* Preview Assets.xcassets */ = {isa = PBXFileReference; lastKnownFileType = folder.assetcatalog; path = "Preview Assets.xcassets"; sourceTree = "<group>"; };
		84E72C39299A86D60060B9D7 /* ScheduleTests.xctest */ = {isa = PBXFileReference; explicitFileType = wrapper.cfbundle; includeInIndex = 0; path = ScheduleTests.xctest; sourceTree = BUILT_PRODUCTS_DIR; };
		84E72C3D299A86D60060B9D7 /* ScheduleTests.swift */ = {isa = PBXFileReference; lastKnownFileType = sourcecode.swift; path = ScheduleTests.swift; sourceTree = "<group>"; };
		84E72C43299A86D60060B9D7 /* ScheduleUITests.xctest */ = {isa = PBXFileReference; explicitFileType = wrapper.cfbundle; includeInIndex = 0; path = ScheduleUITests.xctest; sourceTree = BUILT_PRODUCTS_DIR; };
		84E72C47299A86D60060B9D7 /* ScheduleUITests.swift */ = {isa = PBXFileReference; lastKnownFileType = sourcecode.swift; path = ScheduleUITests.swift; sourceTree = "<group>"; };
		84E72C49299A86D60060B9D7 /* ScheduleUITestsLaunchTests.swift */ = {isa = PBXFileReference; lastKnownFileType = sourcecode.swift; path = ScheduleUITestsLaunchTests.swift; sourceTree = "<group>"; };
		84EC108429AA508000D1E407 /* DatePickerView.swift */ = {isa = PBXFileReference; lastKnownFileType = sourcecode.swift; path = DatePickerView.swift; sourceTree = "<group>"; };
/* End PBXFileReference section */

/* Begin PBXFrameworksBuildPhase section */
		84E72C26299A86D40060B9D7 /* Frameworks */ = {
			isa = PBXFrameworksBuildPhase;
			buildActionMask = 2147483647;
			files = (
				840A446029A274B700C519DD /* SwiftUICurvedRectangleShape in Frameworks */,
			);
			runOnlyForDeploymentPostprocessing = 0;
		};
		84E72C36299A86D60060B9D7 /* Frameworks */ = {
			isa = PBXFrameworksBuildPhase;
			buildActionMask = 2147483647;
			files = (
			);
			runOnlyForDeploymentPostprocessing = 0;
		};
		84E72C40299A86D60060B9D7 /* Frameworks */ = {
			isa = PBXFrameworksBuildPhase;
			buildActionMask = 2147483647;
			files = (
			);
			runOnlyForDeploymentPostprocessing = 0;
		};
/* End PBXFrameworksBuildPhase section */

/* Begin PBXGroup section */
		840A445229A1E84B00C519DD /* GroupPickerScreen */ = {
			isa = PBXGroup;
			children = (
				84C274A429A8D01D001A48ED /* Model */,
				84C274A329A8D016001A48ED /* ViewModel */,
				840A445529A2024B00C519DD /* Views */,
				840A445329A1E86000C519DD /* GroupPickerScreen.swift */,
			);
			path = GroupPickerScreen;
			sourceTree = "<group>";
		};
		840A445529A2024B00C519DD /* Views */ = {
			isa = PBXGroup;
			children = (
				840A445629A2025D00C519DD /* SearchingTextField.swift */,
			);
			path = Views;
			sourceTree = "<group>";
		};
		840A445829A2470000C519DD /* TeacherPickerScreen */ = {
			isa = PBXGroup;
			children = (
				84C274AA29A8D499001A48ED /* ViewModel */,
				84C274A929A8D491001A48ED /* Model */,
				840A445929A2471800C519DD /* TeacherPickerScreen.swift */,
			);
			path = TeacherPickerScreen;
			sourceTree = "<group>";
		};
		840A445B29A270DE00C519DD /* ProfileScreen */ = {
			isa = PBXGroup;
			children = (
				84C274B629A8F705001A48ED /* ViewModel */,
				84C274B529A8F6FD001A48ED /* Model */,
				84BAEE3929A51980000D7C5C /* EditProfileScreen */,
				8470825329A349BC000EC745 /* Views */,
				840A445C29A270FC00C519DD /* ProfileScreen.swift */,
			);
			path = ProfileScreen;
			sourceTree = "<group>";
		};
		846F8F22299E543700FB3F93 /* Project Fonts */ = {
			isa = PBXGroup;
			children = (
				846F8F23299E547300FB3F93 /* Poppins-Black.ttf */,
				846F8F37299E561300FB3F93 /* Poppins-BlackItalic.ttf */,
				846F8F2D299E547300FB3F93 /* Poppins-Bold.ttf */,
				846F8F2A299E547300FB3F93 /* Poppins-BoldItalic.ttf */,
				846F8F2F299E547300FB3F93 /* Poppins-ExtraBold.ttf */,
				846F8F25299E547300FB3F93 /* Poppins-ExtraBoldItalic.ttf */,
				846F8F31299E547400FB3F93 /* Poppins-ExtraLight.ttf */,
				846F8F27299E547300FB3F93 /* Poppins-ExtraLightItalic.ttf */,
				846F8F34299E547400FB3F93 /* Poppins-Italic.ttf */,
				846F8F28299E547300FB3F93 /* Poppins-Light.ttf */,
				846F8F33299E547400FB3F93 /* Poppins-LightItalic.ttf */,
				846F8F24299E547300FB3F93 /* Poppins-Medium.ttf */,
				846F8F29299E547300FB3F93 /* Poppins-MediumItalic.ttf */,
				846F8F26299E547300FB3F93 /* Poppins-Regular.ttf */,
				846F8F2B299E547300FB3F93 /* Poppins-SemiBold.ttf */,
				846F8F2E299E547300FB3F93 /* Poppins-SemiBoldItalic.ttf */,
				846F8F32299E547400FB3F93 /* Poppins-Thin.ttf */,
				846F8F2C299E547300FB3F93 /* Poppins-ThinItalic.ttf */,
			);
			path = "Project Fonts";
			sourceTree = "<group>";
		};
		8470825329A349BC000EC745 /* Views */ = {
			isa = PBXGroup;
			children = (
				8470825429A349D3000EC745 /* EditAvatarView.swift */,
				8470825629A36243000EC745 /* ProfileSection.swift */,
			);
			path = Views;
			sourceTree = "<group>";
		};
		8490872E299CF92900D82210 /* Views */ = {
			isa = PBXGroup;
			children = (
				8490872F299CF97200D82210 /* DateView.swift */,
				846F8F20299E086D00FB3F93 /* SubjectView.swift */,
				846F8F4A299E854800FB3F93 /* AboutSubjectData.swift */,
				84B494E029A75C2D004D2A75 /* ListRow.swift */,
				84B6241029AA2B4C00FCDBDA /* BottomBar.swift */,
				84EC108429AA508000D1E407 /* DatePickerView.swift */,
			);
			path = Views;
			sourceTree = "<group>";
		};
		84B494E429A76661004D2A75 /* Model */ = {
			isa = PBXGroup;
			children = (
				84B494E229A765E1004D2A75 /* LoginScreenModel.swift */,
			);
			path = Model;
			sourceTree = "<group>";
		};
		84B494E529A7667D004D2A75 /* ViewModel */ = {
			isa = PBXGroup;
			children = (
				84B494E629A76691004D2A75 /* LoginScreenViewModel.swift */,
			);
			path = ViewModel;
			sourceTree = "<group>";
		};
		84B6240D29A9C16300FCDBDA /* AboutSubjectScreen */ = {
			isa = PBXGroup;
			children = (
				84B6240E29A9C1FD00FCDBDA /* AboutSubjectScreen.swift */,
			);
			path = AboutSubjectScreen;
			sourceTree = "<group>";
		};
		84BAEE3329A4BB1D000D7C5C /* Views */ = {
			isa = PBXGroup;
			children = (
				84BAEE3429A4BB2B000D7C5C /* ScheduleDayView.swift */,
			);
			path = Views;
			sourceTree = "<group>";
		};
		84BAEE3929A51980000D7C5C /* EditProfileScreen */ = {
			isa = PBXGroup;
			children = (
				84C274BC29A909C9001A48ED /* ViewModel */,
				84C274BB29A909C0001A48ED /* Model */,
				84BB084829A6660D008CA1B8 /* Views */,
				84BAEE3A29A5198B000D7C5C /* EditProfileScreen.swift */,
			);
			path = EditProfileScreen;
			sourceTree = "<group>";
		};
		84BB084829A6660D008CA1B8 /* Views */ = {
			isa = PBXGroup;
			children = (
				84BB084929A66627008CA1B8 /* LabledTextFieldView.swift */,
			);
			path = Views;
			sourceTree = "<group>";
		};
		84C2749D29A8C8FE001A48ED /* Model */ = {
			isa = PBXGroup;
			children = (
				84C274A129A8C939001A48ED /* RegisterScreenModel.swift */,
			);
			path = Model;
			sourceTree = "<group>";
		};
		84C2749E29A8C904001A48ED /* ViewModel */ = {
			isa = PBXGroup;
			children = (
				84C2749F29A8C916001A48ED /* RegisterScreenViewModel.swift */,
			);
			path = ViewModel;
			sourceTree = "<group>";
		};
		84C274A329A8D016001A48ED /* ViewModel */ = {
			isa = PBXGroup;
			children = (
				84C274A729A8D086001A48ED /* GroupPickerScreenViewModel.swift */,
			);
			path = ViewModel;
			sourceTree = "<group>";
		};
		84C274A429A8D01D001A48ED /* Model */ = {
			isa = PBXGroup;
			children = (
				84C274A529A8D036001A48ED /* GroupPickerScreenModel.swift */,
			);
			path = Model;
			sourceTree = "<group>";
		};
		84C274A929A8D491001A48ED /* Model */ = {
			isa = PBXGroup;
			children = (
				84C274AB29A8D4AB001A48ED /* TeacherPickerScreenModel.swift */,
			);
			path = Model;
			sourceTree = "<group>";
		};
		84C274AA29A8D499001A48ED /* ViewModel */ = {
			isa = PBXGroup;
			children = (
				84C274AD29A8D52F001A48ED /* TeacherPickerScreenViewModel.swift */,
			);
			path = ViewModel;
			sourceTree = "<group>";
		};
		84C274AF29A8DC17001A48ED /* Model */ = {
			isa = PBXGroup;
			children = (
				84C274B129A8DC34001A48ED /* MainScreenModel.swift */,
			);
			path = Model;
			sourceTree = "<group>";
		};
		84C274B029A8DC23001A48ED /* ViewModel */ = {
			isa = PBXGroup;
			children = (
				84C274B329A8DD34001A48ED /* MainScreenViewModel.swift */,
			);
			path = ViewModel;
			sourceTree = "<group>";
		};
		84C274B529A8F6FD001A48ED /* Model */ = {
			isa = PBXGroup;
			children = (
				84C274B729A8F737001A48ED /* ProfileScreenModel.swift */,
			);
			path = Model;
			sourceTree = "<group>";
		};
		84C274B629A8F705001A48ED /* ViewModel */ = {
			isa = PBXGroup;
			children = (
				84C274B929A8F77D001A48ED /* ProfileScreenViewModel.swift */,
			);
			path = ViewModel;
			sourceTree = "<group>";
		};
		84C274BB29A909C0001A48ED /* Model */ = {
			isa = PBXGroup;
			children = (
				84C274BE29A909DF001A48ED /* EditProfileScreenModel.swift */,
			);
			path = Model;
			sourceTree = "<group>";
		};
		84C274BC29A909C9001A48ED /* ViewModel */ = {
			isa = PBXGroup;
			children = (
				84C274C029A90A56001A48ED /* EditProfileScreenViewModel.swift */,
			);
			path = ViewModel;
			sourceTree = "<group>";
		};
		84C61B2C29A0EDE40024E91C /* LoginScreen */ = {
			isa = PBXGroup;
			children = (
				84B494E529A7667D004D2A75 /* ViewModel */,
				84B494E429A76661004D2A75 /* Model */,
				84C61B2F29A0F0FD0024E91C /* Views */,
				84C61B2D29A0EE200024E91C /* LoginScreen.swift */,
			);
			path = LoginScreen;
			sourceTree = "<group>";
		};
		84C61B2F29A0F0FD0024E91C /* Views */ = {
			isa = PBXGroup;
			children = (
				84C61B3029A0F1150024E91C /* TextFieldView.swift */,
				84C61B3229A1202A0024E91C /* FilledButton.swift */,
				84C61B3429A126510024E91C /* UnfilledButton.swift */,
			);
			path = Views;
			sourceTree = "<group>";
		};
		84C61B3729A138920024E91C /* RegisterScreen */ = {
			isa = PBXGroup;
			children = (
				84C2749E29A8C904001A48ED /* ViewModel */,
				84C2749D29A8C8FE001A48ED /* Model */,
				84C61B3829A138A60024E91C /* RegisterScreen.swift */,
			);
			path = RegisterScreen;
			sourceTree = "<group>";
		};
		84CC1C03299BE5080075EAFC /* Screens */ = {
			isa = PBXGroup;
			children = (
				84B6240D29A9C16300FCDBDA /* AboutSubjectScreen */,
				840A445B29A270DE00C519DD /* ProfileScreen */,
				840A445829A2470000C519DD /* TeacherPickerScreen */,
				840A445229A1E84B00C519DD /* GroupPickerScreen */,
				84C61B3729A138920024E91C /* RegisterScreen */,
				84C61B2C29A0EDE40024E91C /* LoginScreen */,
				8490872E299CF92900D82210 /* Views */,
				84CC1C04299BE5130075EAFC /* MainScreen */,
				84B494E829A76942004D2A75 /* GeneralViewModel.swift */,
			);
			path = Screens;
			sourceTree = "<group>";
		};
		84CC1C04299BE5130075EAFC /* MainScreen */ = {
			isa = PBXGroup;
			children = (
				84C274B029A8DC23001A48ED /* ViewModel */,
				84C274AF29A8DC17001A48ED /* Model */,
				84BAEE3329A4BB1D000D7C5C /* Views */,
				84CC1C05299BE5210075EAFC /* MainScreen.swift */,
			);
			path = MainScreen;
			sourceTree = "<group>";
		};
		84CC1C07299BE6890075EAFC /* Colors */ = {
			isa = PBXGroup;
			children = (
				84CC1C08299BE69C0075EAFC /* Colors.swift */,
			);
			path = Colors;
			sourceTree = "<group>";
		};
		84E72C20299A86D40060B9D7 = {
			isa = PBXGroup;
			children = (
				84E72C2B299A86D40060B9D7 /* Schedule */,
				84E72C3C299A86D60060B9D7 /* ScheduleTests */,
				84E72C46299A86D60060B9D7 /* ScheduleUITests */,
				84E72C2A299A86D40060B9D7 /* Products */,
			);
			sourceTree = "<group>";
		};
		84E72C2A299A86D40060B9D7 /* Products */ = {
			isa = PBXGroup;
			children = (
				84E72C29299A86D40060B9D7 /* Schedule.app */,
				84E72C39299A86D60060B9D7 /* ScheduleTests.xctest */,
				84E72C43299A86D60060B9D7 /* ScheduleUITests.xctest */,
			);
			name = Products;
			sourceTree = "<group>";
		};
		84E72C2B299A86D40060B9D7 /* Schedule */ = {
			isa = PBXGroup;
			children = (
				846F8F35299E54CD00FB3F93 /* Info.plist */,
				846F8F22299E543700FB3F93 /* Project Fonts */,
				84CC1C07299BE6890075EAFC /* Colors */,
				84CC1C03299BE5080075EAFC /* Screens */,
				84E72C2C299A86D40060B9D7 /* ScheduleApp.swift */,
				84E72C2E299A86D40060B9D7 /* ContentView.swift */,
				84E72C30299A86D60060B9D7 /* Assets.xcassets */,
				84E72C32299A86D60060B9D7 /* Preview Content */,
			);
			path = Schedule;
			sourceTree = "<group>";
		};
		84E72C32299A86D60060B9D7 /* Preview Content */ = {
			isa = PBXGroup;
			children = (
				84E72C33299A86D60060B9D7 /* Preview Assets.xcassets */,
			);
			path = "Preview Content";
			sourceTree = "<group>";
		};
		84E72C3C299A86D60060B9D7 /* ScheduleTests */ = {
			isa = PBXGroup;
			children = (
				84E72C3D299A86D60060B9D7 /* ScheduleTests.swift */,
			);
			path = ScheduleTests;
			sourceTree = "<group>";
		};
		84E72C46299A86D60060B9D7 /* ScheduleUITests */ = {
			isa = PBXGroup;
			children = (
				84E72C47299A86D60060B9D7 /* ScheduleUITests.swift */,
				84E72C49299A86D60060B9D7 /* ScheduleUITestsLaunchTests.swift */,
			);
			path = ScheduleUITests;
			sourceTree = "<group>";
		};
/* End PBXGroup section */

/* Begin PBXNativeTarget section */
		84E72C28299A86D40060B9D7 /* Schedule */ = {
			isa = PBXNativeTarget;
			buildConfigurationList = 84E72C4D299A86D60060B9D7 /* Build configuration list for PBXNativeTarget "Schedule" */;
			buildPhases = (
				84E72C25299A86D40060B9D7 /* Sources */,
				84E72C26299A86D40060B9D7 /* Frameworks */,
				84E72C27299A86D40060B9D7 /* Resources */,
			);
			buildRules = (
			);
			dependencies = (
			);
			name = Schedule;
			packageProductDependencies = (
				840A445F29A274B700C519DD /* SwiftUICurvedRectangleShape */,
			);
			productName = Schedule;
			productReference = 84E72C29299A86D40060B9D7 /* Schedule.app */;
			productType = "com.apple.product-type.application";
		};
		84E72C38299A86D60060B9D7 /* ScheduleTests */ = {
			isa = PBXNativeTarget;
			buildConfigurationList = 84E72C50299A86D60060B9D7 /* Build configuration list for PBXNativeTarget "ScheduleTests" */;
			buildPhases = (
				84E72C35299A86D60060B9D7 /* Sources */,
				84E72C36299A86D60060B9D7 /* Frameworks */,
				84E72C37299A86D60060B9D7 /* Resources */,
			);
			buildRules = (
			);
			dependencies = (
				84E72C3B299A86D60060B9D7 /* PBXTargetDependency */,
			);
			name = ScheduleTests;
			productName = ScheduleTests;
			productReference = 84E72C39299A86D60060B9D7 /* ScheduleTests.xctest */;
			productType = "com.apple.product-type.bundle.unit-test";
		};
		84E72C42299A86D60060B9D7 /* ScheduleUITests */ = {
			isa = PBXNativeTarget;
			buildConfigurationList = 84E72C53299A86D60060B9D7 /* Build configuration list for PBXNativeTarget "ScheduleUITests" */;
			buildPhases = (
				84E72C3F299A86D60060B9D7 /* Sources */,
				84E72C40299A86D60060B9D7 /* Frameworks */,
				84E72C41299A86D60060B9D7 /* Resources */,
			);
			buildRules = (
			);
			dependencies = (
				84E72C45299A86D60060B9D7 /* PBXTargetDependency */,
			);
			name = ScheduleUITests;
			productName = ScheduleUITests;
			productReference = 84E72C43299A86D60060B9D7 /* ScheduleUITests.xctest */;
			productType = "com.apple.product-type.bundle.ui-testing";
		};
/* End PBXNativeTarget section */

/* Begin PBXProject section */
		84E72C21299A86D40060B9D7 /* Project object */ = {
			isa = PBXProject;
			attributes = {
				BuildIndependentTargetsInParallel = 1;
				LastSwiftUpdateCheck = 1420;
				LastUpgradeCheck = 1420;
				TargetAttributes = {
					84E72C28299A86D40060B9D7 = {
						CreatedOnToolsVersion = 14.2;
					};
					84E72C38299A86D60060B9D7 = {
						CreatedOnToolsVersion = 14.2;
						TestTargetID = 84E72C28299A86D40060B9D7;
					};
					84E72C42299A86D60060B9D7 = {
						CreatedOnToolsVersion = 14.2;
						TestTargetID = 84E72C28299A86D40060B9D7;
					};
				};
			};
			buildConfigurationList = 84E72C24299A86D40060B9D7 /* Build configuration list for PBXProject "Schedule" */;
			compatibilityVersion = "Xcode 14.0";
			developmentRegion = en;
			hasScannedForEncodings = 0;
			knownRegions = (
				en,
				Base,
			);
			mainGroup = 84E72C20299A86D40060B9D7;
			packageReferences = (
				840A445E29A274B700C519DD /* XCRemoteSwiftPackageReference "SwiftUICurvedRectangleShape" */,
			);
			productRefGroup = 84E72C2A299A86D40060B9D7 /* Products */;
			projectDirPath = "";
			projectRoot = "";
			targets = (
				84E72C28299A86D40060B9D7 /* Schedule */,
				84E72C38299A86D60060B9D7 /* ScheduleTests */,
				84E72C42299A86D60060B9D7 /* ScheduleUITests */,
			);
		};
/* End PBXProject section */

/* Begin PBXResourcesBuildPhase section */
		84E72C27299A86D40060B9D7 /* Resources */ = {
			isa = PBXResourcesBuildPhase;
			buildActionMask = 2147483647;
			files = (
				846F8F44299E569800FB3F93 /* Poppins-ExtraLight.ttf in Resources */,
				846F8F48299E569800FB3F93 /* Poppins-SemiBoldItalic.ttf in Resources */,
				846F8F41299E569800FB3F93 /* Poppins-ExtraBoldItalic.ttf in Resources */,
				846F8F38299E569300FB3F93 /* Poppins-Black.ttf in Resources */,
				846F8F46299E569800FB3F93 /* Poppins-Thin.ttf in Resources */,
				846F8F40299E569800FB3F93 /* Poppins-MediumItalic.ttf in Resources */,
				846F8F3C299E569800FB3F93 /* Poppins-ExtraLightItalic.ttf in Resources */,
				846F8F45299E569800FB3F93 /* Poppins-SemiBold.ttf in Resources */,
				846F8F47299E569800FB3F93 /* Poppins-LightItalic.ttf in Resources */,
				846F8F39299E569800FB3F93 /* Poppins-Medium.ttf in Resources */,
				846F8F3A299E569800FB3F93 /* Poppins-BlackItalic.ttf in Resources */,
				846F8F3B299E569800FB3F93 /* Poppins-BoldItalic.ttf in Resources */,
				846F8F43299E569800FB3F93 /* Poppins-Light.ttf in Resources */,
				84E72C34299A86D60060B9D7 /* Preview Assets.xcassets in Resources */,
				846F8F42299E569800FB3F93 /* Poppins-Bold.ttf in Resources */,
				846F8F3E299E569800FB3F93 /* Poppins-ThinItalic.ttf in Resources */,
				846F8F49299E569800FB3F93 /* Poppins-ExtraBold.ttf in Resources */,
				84E72C31299A86D60060B9D7 /* Assets.xcassets in Resources */,
				846F8F3F299E569800FB3F93 /* Poppins-Italic.ttf in Resources */,
				846F8F3D299E569800FB3F93 /* Poppins-Regular.ttf in Resources */,
			);
			runOnlyForDeploymentPostprocessing = 0;
		};
		84E72C37299A86D60060B9D7 /* Resources */ = {
			isa = PBXResourcesBuildPhase;
			buildActionMask = 2147483647;
			files = (
			);
			runOnlyForDeploymentPostprocessing = 0;
		};
		84E72C41299A86D60060B9D7 /* Resources */ = {
			isa = PBXResourcesBuildPhase;
			buildActionMask = 2147483647;
			files = (
			);
			runOnlyForDeploymentPostprocessing = 0;
		};
/* End PBXResourcesBuildPhase section */

/* Begin PBXSourcesBuildPhase section */
		84E72C25299A86D40060B9D7 /* Sources */ = {
			isa = PBXSourcesBuildPhase;
			buildActionMask = 2147483647;
			files = (
				84C61B3929A138A60024E91C /* RegisterScreen.swift in Sources */,
				84C274A029A8C916001A48ED /* RegisterScreenViewModel.swift in Sources */,
				84CC1C06299BE5210075EAFC /* MainScreen.swift in Sources */,
				84B494E729A76691004D2A75 /* LoginScreenViewModel.swift in Sources */,
				840A445429A1E86000C519DD /* GroupPickerScreen.swift in Sources */,
				84C274B829A8F737001A48ED /* ProfileScreenModel.swift in Sources */,
				84EC108529AA508000D1E407 /* DatePickerView.swift in Sources */,
				8470825729A36243000EC745 /* ProfileSection.swift in Sources */,
				84C274B229A8DC34001A48ED /* MainScreenModel.swift in Sources */,
				84C61B3329A1202A0024E91C /* FilledButton.swift in Sources */,
				84C274A629A8D036001A48ED /* GroupPickerScreenModel.swift in Sources */,
				84B6240F29A9C1FD00FCDBDA /* AboutSubjectScreen.swift in Sources */,
				84BAEE3B29A5198B000D7C5C /* EditProfileScreen.swift in Sources */,
				84C274BF29A909DF001A48ED /* EditProfileScreenModel.swift in Sources */,
				84B494E929A76942004D2A75 /* GeneralViewModel.swift in Sources */,
				84BB084A29A66627008CA1B8 /* LabledTextFieldView.swift in Sources */,
				840A445729A2025D00C519DD /* SearchingTextField.swift in Sources */,
				84C274A229A8C939001A48ED /* RegisterScreenModel.swift in Sources */,
				84B494E129A75C2D004D2A75 /* ListRow.swift in Sources */,
				84B494E329A765E1004D2A75 /* LoginScreenModel.swift in Sources */,
				84C274BA29A8F77D001A48ED /* ProfileScreenViewModel.swift in Sources */,
				840A445A29A2471800C519DD /* TeacherPickerScreen.swift in Sources */,
				846F8F4B299E854800FB3F93 /* AboutSubjectData.swift in Sources */,
				84908730299CF97200D82210 /* DateView.swift in Sources */,
				84B6241129AA2B4C00FCDBDA /* BottomBar.swift in Sources */,
				84CC1C09299BE69C0075EAFC /* Colors.swift in Sources */,
				846F8F21299E086D00FB3F93 /* SubjectView.swift in Sources */,
				8470825529A349D3000EC745 /* EditAvatarView.swift in Sources */,
				84C274AE29A8D52F001A48ED /* TeacherPickerScreenViewModel.swift in Sources */,
				84C274B429A8DD34001A48ED /* MainScreenViewModel.swift in Sources */,
				84C274A829A8D086001A48ED /* GroupPickerScreenViewModel.swift in Sources */,
				84C61B2E29A0EE200024E91C /* LoginScreen.swift in Sources */,
				84E72C2F299A86D40060B9D7 /* ContentView.swift in Sources */,
				84C274AC29A8D4AB001A48ED /* TeacherPickerScreenModel.swift in Sources */,
				84E72C2D299A86D40060B9D7 /* ScheduleApp.swift in Sources */,
				84C61B3129A0F1150024E91C /* TextFieldView.swift in Sources */,
				84C61B3529A126510024E91C /* UnfilledButton.swift in Sources */,
				84BAEE3529A4BB2B000D7C5C /* ScheduleDayView.swift in Sources */,
				84C274C129A90A56001A48ED /* EditProfileScreenViewModel.swift in Sources */,
				840A445D29A270FC00C519DD /* ProfileScreen.swift in Sources */,
			);
			runOnlyForDeploymentPostprocessing = 0;
		};
		84E72C35299A86D60060B9D7 /* Sources */ = {
			isa = PBXSourcesBuildPhase;
			buildActionMask = 2147483647;
			files = (
				84E72C3E299A86D60060B9D7 /* ScheduleTests.swift in Sources */,
			);
			runOnlyForDeploymentPostprocessing = 0;
		};
		84E72C3F299A86D60060B9D7 /* Sources */ = {
			isa = PBXSourcesBuildPhase;
			buildActionMask = 2147483647;
			files = (
				84E72C4A299A86D60060B9D7 /* ScheduleUITestsLaunchTests.swift in Sources */,
				84E72C48299A86D60060B9D7 /* ScheduleUITests.swift in Sources */,
			);
			runOnlyForDeploymentPostprocessing = 0;
		};
/* End PBXSourcesBuildPhase section */

/* Begin PBXTargetDependency section */
		84E72C3B299A86D60060B9D7 /* PBXTargetDependency */ = {
			isa = PBXTargetDependency;
			target = 84E72C28299A86D40060B9D7 /* Schedule */;
			targetProxy = 84E72C3A299A86D60060B9D7 /* PBXContainerItemProxy */;
		};
		84E72C45299A86D60060B9D7 /* PBXTargetDependency */ = {
			isa = PBXTargetDependency;
			target = 84E72C28299A86D40060B9D7 /* Schedule */;
			targetProxy = 84E72C44299A86D60060B9D7 /* PBXContainerItemProxy */;
		};
/* End PBXTargetDependency section */

/* Begin XCBuildConfiguration section */
		84E72C4B299A86D60060B9D7 /* Debug */ = {
			isa = XCBuildConfiguration;
			buildSettings = {
				ALWAYS_SEARCH_USER_PATHS = NO;
				CLANG_ANALYZER_NONNULL = YES;
				CLANG_ANALYZER_NUMBER_OBJECT_CONVERSION = YES_AGGRESSIVE;
				CLANG_CXX_LANGUAGE_STANDARD = "gnu++20";
				CLANG_ENABLE_MODULES = YES;
				CLANG_ENABLE_OBJC_ARC = YES;
				CLANG_ENABLE_OBJC_WEAK = YES;
				CLANG_WARN_BLOCK_CAPTURE_AUTORELEASING = YES;
				CLANG_WARN_BOOL_CONVERSION = YES;
				CLANG_WARN_COMMA = YES;
				CLANG_WARN_CONSTANT_CONVERSION = YES;
				CLANG_WARN_DEPRECATED_OBJC_IMPLEMENTATIONS = YES;
				CLANG_WARN_DIRECT_OBJC_ISA_USAGE = YES_ERROR;
				CLANG_WARN_DOCUMENTATION_COMMENTS = YES;
				CLANG_WARN_EMPTY_BODY = YES;
				CLANG_WARN_ENUM_CONVERSION = YES;
				CLANG_WARN_INFINITE_RECURSION = YES;
				CLANG_WARN_INT_CONVERSION = YES;
				CLANG_WARN_NON_LITERAL_NULL_CONVERSION = YES;
				CLANG_WARN_OBJC_IMPLICIT_RETAIN_SELF = YES;
				CLANG_WARN_OBJC_LITERAL_CONVERSION = YES;
				CLANG_WARN_OBJC_ROOT_CLASS = YES_ERROR;
				CLANG_WARN_QUOTED_INCLUDE_IN_FRAMEWORK_HEADER = YES;
				CLANG_WARN_RANGE_LOOP_ANALYSIS = YES;
				CLANG_WARN_STRICT_PROTOTYPES = YES;
				CLANG_WARN_SUSPICIOUS_MOVE = YES;
				CLANG_WARN_UNGUARDED_AVAILABILITY = YES_AGGRESSIVE;
				CLANG_WARN_UNREACHABLE_CODE = YES;
				CLANG_WARN__DUPLICATE_METHOD_MATCH = YES;
				COPY_PHASE_STRIP = NO;
				DEBUG_INFORMATION_FORMAT = dwarf;
				ENABLE_STRICT_OBJC_MSGSEND = YES;
				ENABLE_TESTABILITY = YES;
				GCC_C_LANGUAGE_STANDARD = gnu11;
				GCC_DYNAMIC_NO_PIC = NO;
				GCC_NO_COMMON_BLOCKS = YES;
				GCC_OPTIMIZATION_LEVEL = 0;
				GCC_PREPROCESSOR_DEFINITIONS = (
					"DEBUG=1",
					"$(inherited)",
				);
				GCC_WARN_64_TO_32_BIT_CONVERSION = YES;
				GCC_WARN_ABOUT_RETURN_TYPE = YES_ERROR;
				GCC_WARN_UNDECLARED_SELECTOR = YES;
				GCC_WARN_UNINITIALIZED_AUTOS = YES_AGGRESSIVE;
				GCC_WARN_UNUSED_FUNCTION = YES;
				GCC_WARN_UNUSED_VARIABLE = YES;
				IPHONEOS_DEPLOYMENT_TARGET = 16.2;
				MTL_ENABLE_DEBUG_INFO = INCLUDE_SOURCE;
				MTL_FAST_MATH = YES;
				ONLY_ACTIVE_ARCH = YES;
				SDKROOT = iphoneos;
				SWIFT_ACTIVE_COMPILATION_CONDITIONS = DEBUG;
				SWIFT_OPTIMIZATION_LEVEL = "-Onone";
			};
			name = Debug;
		};
		84E72C4C299A86D60060B9D7 /* Release */ = {
			isa = XCBuildConfiguration;
			buildSettings = {
				ALWAYS_SEARCH_USER_PATHS = NO;
				CLANG_ANALYZER_NONNULL = YES;
				CLANG_ANALYZER_NUMBER_OBJECT_CONVERSION = YES_AGGRESSIVE;
				CLANG_CXX_LANGUAGE_STANDARD = "gnu++20";
				CLANG_ENABLE_MODULES = YES;
				CLANG_ENABLE_OBJC_ARC = YES;
				CLANG_ENABLE_OBJC_WEAK = YES;
				CLANG_WARN_BLOCK_CAPTURE_AUTORELEASING = YES;
				CLANG_WARN_BOOL_CONVERSION = YES;
				CLANG_WARN_COMMA = YES;
				CLANG_WARN_CONSTANT_CONVERSION = YES;
				CLANG_WARN_DEPRECATED_OBJC_IMPLEMENTATIONS = YES;
				CLANG_WARN_DIRECT_OBJC_ISA_USAGE = YES_ERROR;
				CLANG_WARN_DOCUMENTATION_COMMENTS = YES;
				CLANG_WARN_EMPTY_BODY = YES;
				CLANG_WARN_ENUM_CONVERSION = YES;
				CLANG_WARN_INFINITE_RECURSION = YES;
				CLANG_WARN_INT_CONVERSION = YES;
				CLANG_WARN_NON_LITERAL_NULL_CONVERSION = YES;
				CLANG_WARN_OBJC_IMPLICIT_RETAIN_SELF = YES;
				CLANG_WARN_OBJC_LITERAL_CONVERSION = YES;
				CLANG_WARN_OBJC_ROOT_CLASS = YES_ERROR;
				CLANG_WARN_QUOTED_INCLUDE_IN_FRAMEWORK_HEADER = YES;
				CLANG_WARN_RANGE_LOOP_ANALYSIS = YES;
				CLANG_WARN_STRICT_PROTOTYPES = YES;
				CLANG_WARN_SUSPICIOUS_MOVE = YES;
				CLANG_WARN_UNGUARDED_AVAILABILITY = YES_AGGRESSIVE;
				CLANG_WARN_UNREACHABLE_CODE = YES;
				CLANG_WARN__DUPLICATE_METHOD_MATCH = YES;
				COPY_PHASE_STRIP = NO;
				DEBUG_INFORMATION_FORMAT = "dwarf-with-dsym";
				ENABLE_NS_ASSERTIONS = NO;
				ENABLE_STRICT_OBJC_MSGSEND = YES;
				GCC_C_LANGUAGE_STANDARD = gnu11;
				GCC_NO_COMMON_BLOCKS = YES;
				GCC_WARN_64_TO_32_BIT_CONVERSION = YES;
				GCC_WARN_ABOUT_RETURN_TYPE = YES_ERROR;
				GCC_WARN_UNDECLARED_SELECTOR = YES;
				GCC_WARN_UNINITIALIZED_AUTOS = YES_AGGRESSIVE;
				GCC_WARN_UNUSED_FUNCTION = YES;
				GCC_WARN_UNUSED_VARIABLE = YES;
				IPHONEOS_DEPLOYMENT_TARGET = 16.2;
				MTL_ENABLE_DEBUG_INFO = NO;
				MTL_FAST_MATH = YES;
				SDKROOT = iphoneos;
				SWIFT_COMPILATION_MODE = wholemodule;
				SWIFT_OPTIMIZATION_LEVEL = "-O";
				VALIDATE_PRODUCT = YES;
			};
			name = Release;
		};
		84E72C4E299A86D60060B9D7 /* Debug */ = {
			isa = XCBuildConfiguration;
			buildSettings = {
				ASSETCATALOG_COMPILER_APPICON_NAME = AppIcon;
				ASSETCATALOG_COMPILER_GLOBAL_ACCENT_COLOR_NAME = AccentColor;
				CODE_SIGN_STYLE = Automatic;
				CURRENT_PROJECT_VERSION = 1;
				DEVELOPMENT_ASSET_PATHS = "\"Schedule/Preview Content\"";
				ENABLE_PREVIEWS = YES;
				GENERATE_INFOPLIST_FILE = YES;
				INFOPLIST_FILE = Schedule/Info.plist;
				INFOPLIST_KEY_UIApplicationSceneManifest_Generation = YES;
				INFOPLIST_KEY_UIApplicationSupportsIndirectInputEvents = YES;
				INFOPLIST_KEY_UILaunchScreen_Generation = YES;
				INFOPLIST_KEY_UISupportedInterfaceOrientations_iPad = "UIInterfaceOrientationPortrait UIInterfaceOrientationPortraitUpsideDown UIInterfaceOrientationLandscapeLeft UIInterfaceOrientationLandscapeRight";
				INFOPLIST_KEY_UISupportedInterfaceOrientations_iPhone = "UIInterfaceOrientationPortrait UIInterfaceOrientationLandscapeLeft UIInterfaceOrientationLandscapeRight";
				LD_RUNPATH_SEARCH_PATHS = (
					"$(inherited)",
					"@executable_path/Frameworks",
				);
				MARKETING_VERSION = 1.0;
				PRODUCT_BUNDLE_IDENTIFIER = foolery.Schedule;
				PRODUCT_NAME = "$(TARGET_NAME)";
				SWIFT_EMIT_LOC_STRINGS = YES;
				SWIFT_VERSION = 5.0;
				TARGETED_DEVICE_FAMILY = "1,2";
			};
			name = Debug;
		};
		84E72C4F299A86D60060B9D7 /* Release */ = {
			isa = XCBuildConfiguration;
			buildSettings = {
				ASSETCATALOG_COMPILER_APPICON_NAME = AppIcon;
				ASSETCATALOG_COMPILER_GLOBAL_ACCENT_COLOR_NAME = AccentColor;
				CODE_SIGN_STYLE = Automatic;
				CURRENT_PROJECT_VERSION = 1;
				DEVELOPMENT_ASSET_PATHS = "\"Schedule/Preview Content\"";
				ENABLE_PREVIEWS = YES;
				GENERATE_INFOPLIST_FILE = YES;
				INFOPLIST_FILE = Schedule/Info.plist;
				INFOPLIST_KEY_UIApplicationSceneManifest_Generation = YES;
				INFOPLIST_KEY_UIApplicationSupportsIndirectInputEvents = YES;
				INFOPLIST_KEY_UILaunchScreen_Generation = YES;
				INFOPLIST_KEY_UISupportedInterfaceOrientations_iPad = "UIInterfaceOrientationPortrait UIInterfaceOrientationPortraitUpsideDown UIInterfaceOrientationLandscapeLeft UIInterfaceOrientationLandscapeRight";
				INFOPLIST_KEY_UISupportedInterfaceOrientations_iPhone = "UIInterfaceOrientationPortrait UIInterfaceOrientationLandscapeLeft UIInterfaceOrientationLandscapeRight";
				LD_RUNPATH_SEARCH_PATHS = (
					"$(inherited)",
					"@executable_path/Frameworks",
				);
				MARKETING_VERSION = 1.0;
				PRODUCT_BUNDLE_IDENTIFIER = foolery.Schedule;
				PRODUCT_NAME = "$(TARGET_NAME)";
				SWIFT_EMIT_LOC_STRINGS = YES;
				SWIFT_VERSION = 5.0;
				TARGETED_DEVICE_FAMILY = "1,2";
			};
			name = Release;
		};
		84E72C51299A86D60060B9D7 /* Debug */ = {
			isa = XCBuildConfiguration;
			buildSettings = {
				ALWAYS_EMBED_SWIFT_STANDARD_LIBRARIES = YES;
				BUNDLE_LOADER = "$(TEST_HOST)";
				CODE_SIGN_STYLE = Automatic;
				CURRENT_PROJECT_VERSION = 1;
				GENERATE_INFOPLIST_FILE = YES;
				IPHONEOS_DEPLOYMENT_TARGET = 16.2;
				MARKETING_VERSION = 1.0;
				PRODUCT_BUNDLE_IDENTIFIER = foolery.ScheduleTests;
				PRODUCT_NAME = "$(TARGET_NAME)";
				SWIFT_EMIT_LOC_STRINGS = NO;
				SWIFT_VERSION = 5.0;
				TARGETED_DEVICE_FAMILY = "1,2";
				TEST_HOST = "$(BUILT_PRODUCTS_DIR)/Schedule.app/$(BUNDLE_EXECUTABLE_FOLDER_PATH)/Schedule";
			};
			name = Debug;
		};
		84E72C52299A86D60060B9D7 /* Release */ = {
			isa = XCBuildConfiguration;
			buildSettings = {
				ALWAYS_EMBED_SWIFT_STANDARD_LIBRARIES = YES;
				BUNDLE_LOADER = "$(TEST_HOST)";
				CODE_SIGN_STYLE = Automatic;
				CURRENT_PROJECT_VERSION = 1;
				GENERATE_INFOPLIST_FILE = YES;
				IPHONEOS_DEPLOYMENT_TARGET = 16.2;
				MARKETING_VERSION = 1.0;
				PRODUCT_BUNDLE_IDENTIFIER = foolery.ScheduleTests;
				PRODUCT_NAME = "$(TARGET_NAME)";
				SWIFT_EMIT_LOC_STRINGS = NO;
				SWIFT_VERSION = 5.0;
				TARGETED_DEVICE_FAMILY = "1,2";
				TEST_HOST = "$(BUILT_PRODUCTS_DIR)/Schedule.app/$(BUNDLE_EXECUTABLE_FOLDER_PATH)/Schedule";
			};
			name = Release;
		};
		84E72C54299A86D60060B9D7 /* Debug */ = {
			isa = XCBuildConfiguration;
			buildSettings = {
				ALWAYS_EMBED_SWIFT_STANDARD_LIBRARIES = YES;
				CODE_SIGN_STYLE = Automatic;
				CURRENT_PROJECT_VERSION = 1;
				GENERATE_INFOPLIST_FILE = YES;
				MARKETING_VERSION = 1.0;
				PRODUCT_BUNDLE_IDENTIFIER = foolery.ScheduleUITests;
				PRODUCT_NAME = "$(TARGET_NAME)";
				SWIFT_EMIT_LOC_STRINGS = NO;
				SWIFT_VERSION = 5.0;
				TARGETED_DEVICE_FAMILY = "1,2";
				TEST_TARGET_NAME = Schedule;
			};
			name = Debug;
		};
		84E72C55299A86D60060B9D7 /* Release */ = {
			isa = XCBuildConfiguration;
			buildSettings = {
				ALWAYS_EMBED_SWIFT_STANDARD_LIBRARIES = YES;
				CODE_SIGN_STYLE = Automatic;
				CURRENT_PROJECT_VERSION = 1;
				GENERATE_INFOPLIST_FILE = YES;
				MARKETING_VERSION = 1.0;
				PRODUCT_BUNDLE_IDENTIFIER = foolery.ScheduleUITests;
				PRODUCT_NAME = "$(TARGET_NAME)";
				SWIFT_EMIT_LOC_STRINGS = NO;
				SWIFT_VERSION = 5.0;
				TARGETED_DEVICE_FAMILY = "1,2";
				TEST_TARGET_NAME = Schedule;
			};
			name = Release;
		};
/* End XCBuildConfiguration section */

/* Begin XCConfigurationList section */
		84E72C24299A86D40060B9D7 /* Build configuration list for PBXProject "Schedule" */ = {
			isa = XCConfigurationList;
			buildConfigurations = (
				84E72C4B299A86D60060B9D7 /* Debug */,
				84E72C4C299A86D60060B9D7 /* Release */,
			);
			defaultConfigurationIsVisible = 0;
			defaultConfigurationName = Release;
		};
		84E72C4D299A86D60060B9D7 /* Build configuration list for PBXNativeTarget "Schedule" */ = {
			isa = XCConfigurationList;
			buildConfigurations = (
				84E72C4E299A86D60060B9D7 /* Debug */,
				84E72C4F299A86D60060B9D7 /* Release */,
			);
			defaultConfigurationIsVisible = 0;
			defaultConfigurationName = Release;
		};
		84E72C50299A86D60060B9D7 /* Build configuration list for PBXNativeTarget "ScheduleTests" */ = {
			isa = XCConfigurationList;
			buildConfigurations = (
				84E72C51299A86D60060B9D7 /* Debug */,
				84E72C52299A86D60060B9D7 /* Release */,
			);
			defaultConfigurationIsVisible = 0;
			defaultConfigurationName = Release;
		};
		84E72C53299A86D60060B9D7 /* Build configuration list for PBXNativeTarget "ScheduleUITests" */ = {
			isa = XCConfigurationList;
			buildConfigurations = (
				84E72C54299A86D60060B9D7 /* Debug */,
				84E72C55299A86D60060B9D7 /* Release */,
			);
			defaultConfigurationIsVisible = 0;
			defaultConfigurationName = Release;
		};
/* End XCConfigurationList section */

/* Begin XCRemoteSwiftPackageReference section */
		840A445E29A274B700C519DD /* XCRemoteSwiftPackageReference "SwiftUICurvedRectangleShape" */ = {
			isa = XCRemoteSwiftPackageReference;
			repositoryURL = "https://github.com/CypherPoet/SwiftUICurvedRectangleShape";
			requirement = {
				kind = upToNextMajorVersion;
				minimumVersion = 0.0.2;
			};
		};
/* End XCRemoteSwiftPackageReference section */

/* Begin XCSwiftPackageProductDependency section */
		840A445F29A274B700C519DD /* SwiftUICurvedRectangleShape */ = {
			isa = XCSwiftPackageProductDependency;
			package = 840A445E29A274B700C519DD /* XCRemoteSwiftPackageReference "SwiftUICurvedRectangleShape" */;
			productName = SwiftUICurvedRectangleShape;
		};
/* End XCSwiftPackageProductDependency section */
	};
	rootObject = 84E72C21299A86D40060B9D7 /* Project object */;
}
